// !$*UTF8*$!
{
	archiveVersion = 1;
	classes = {
	};
	objectVersion = 46;
	objects = {

/* Begin PBXBuildFile section */
		196524561BFAD1190014D9F8 /* main.m in Sources */ = {isa = PBXBuildFile; fileRef = 196524551BFAD1190014D9F8 /* main.m */; };
		196524591BFAD1190014D9F8 /* AppDelegate.m in Sources */ = {isa = PBXBuildFile; fileRef = 196524581BFAD1190014D9F8 /* AppDelegate.m */; };
		1965245C1BFAD1190014D9F8 /* ViewController.m in Sources */ = {isa = PBXBuildFile; fileRef = 1965245B1BFAD1190014D9F8 /* ViewController.m */; };
		1965245F1BFAD1190014D9F8 /* Main.storyboard in Resources */ = {isa = PBXBuildFile; fileRef = 1965245D1BFAD1190014D9F8 /* Main.storyboard */; };
		196524611BFAD1190014D9F8 /* Assets.xcassets in Resources */ = {isa = PBXBuildFile; fileRef = 196524601BFAD1190014D9F8 /* Assets.xcassets */; };
		196524641BFAD1190014D9F8 /* LaunchScreen.storyboard in Resources */ = {isa = PBXBuildFile; fileRef = 196524621BFAD1190014D9F8 /* LaunchScreen.storyboard */; };
		1965246F1BFAD1190014D9F8 /* ASParentTestTests.m in Sources */ = {isa = PBXBuildFile; fileRef = 1965246E1BFAD1190014D9F8 /* ASParentTestTests.m */; };
		1965247A1BFAD1190014D9F8 /* ASParentTestUITests.m in Sources */ = {isa = PBXBuildFile; fileRef = 196524791BFAD1190014D9F8 /* ASParentTestUITests.m */; };
/* End PBXBuildFile section */

/* Begin PBXContainerItemProxy section */
		1965246B1BFAD1190014D9F8 /* PBXContainerItemProxy */ = {
			isa = PBXContainerItemProxy;
			containerPortal = 196524491BFAD1190014D9F8 /* Project object */;
			proxyType = 1;
			remoteGlobalIDString = 196524501BFAD1190014D9F8;
			remoteInfo = ASParentTest;
		};
		196524761BFAD1190014D9F8 /* PBXContainerItemProxy */ = {
			isa = PBXContainerItemProxy;
			containerPortal = 196524491BFAD1190014D9F8 /* Project object */;
			proxyType = 1;
			remoteGlobalIDString = 196524501BFAD1190014D9F8;
			remoteInfo = ASParentTest;
		};
/* End PBXContainerItemProxy section */

/* Begin PBXFileReference section */
		196524511BFAD1190014D9F8 /* ASParentTest.app */ = {isa = PBXFileReference; explicitFileType = wrapper.application; includeInIndex = 0; path = ASParentTest.app; sourceTree = BUILT_PRODUCTS_DIR; };
		196524551BFAD1190014D9F8 /* main.m */ = {isa = PBXFileReference; lastKnownFileType = sourcecode.c.objc; path = main.m; sourceTree = "<group>"; };
		196524571BFAD1190014D9F8 /* AppDelegate.h */ = {isa = PBXFileReference; lastKnownFileType = sourcecode.c.h; path = AppDelegate.h; sourceTree = "<group>"; };
		196524581BFAD1190014D9F8 /* AppDelegate.m */ = {isa = PBXFileReference; lastKnownFileType = sourcecode.c.objc; path = AppDelegate.m; sourceTree = "<group>"; };
		1965245A1BFAD1190014D9F8 /* ViewController.h */ = {isa = PBXFileReference; lastKnownFileType = sourcecode.c.h; path = ViewController.h; sourceTree = "<group>"; };
		1965245B1BFAD1190014D9F8 /* ViewController.m */ = {isa = PBXFileReference; lastKnownFileType = sourcecode.c.objc; path = ViewController.m; sourceTree = "<group>"; };
		1965245E1BFAD1190014D9F8 /* Base */ = {isa = PBXFileReference; lastKnownFileType = file.storyboard; name = Base; path = Base.lproj/Main.storyboard; sourceTree = "<group>"; };
		196524601BFAD1190014D9F8 /* Assets.xcassets */ = {isa = PBXFileReference; lastKnownFileType = folder.assetcatalog; path = Assets.xcassets; sourceTree = "<group>"; };
		196524631BFAD1190014D9F8 /* Base */ = {isa = PBXFileReference; lastKnownFileType = file.storyboard; name = Base; path = Base.lproj/LaunchScreen.storyboard; sourceTree = "<group>"; };
		196524651BFAD1190014D9F8 /* Info.plist */ = {isa = PBXFileReference; lastKnownFileType = text.plist.xml; path = Info.plist; sourceTree = "<group>"; };
		1965246A1BFAD1190014D9F8 /* ASParentTestTests.xctest */ = {isa = PBXFileReference; explicitFileType = wrapper.cfbundle; includeInIndex = 0; path = ASParentTestTests.xctest; sourceTree = BUILT_PRODUCTS_DIR; };
		1965246E1BFAD1190014D9F8 /* ASParentTestTests.m */ = {isa = PBXFileReference; lastKnownFileType = sourcecode.c.objc; path = ASParentTestTests.m; sourceTree = "<group>"; };
		196524701BFAD1190014D9F8 /* Info.plist */ = {isa = PBXFileReference; lastKnownFileType = text.plist.xml; path = Info.plist; sourceTree = "<group>"; };
		196524751BFAD1190014D9F8 /* ASParentTestUITests.xctest */ = {isa = PBXFileReference; explicitFileType = wrapper.cfbundle; includeInIndex = 0; path = ASParentTestUITests.xctest; sourceTree = BUILT_PRODUCTS_DIR; };
		196524791BFAD1190014D9F8 /* ASParentTestUITests.m */ = {isa = PBXFileReference; lastKnownFileType = sourcecode.c.objc; path = ASParentTestUITests.m; sourceTree = "<group>"; };
		1965247B1BFAD1190014D9F8 /* Info.plist */ = {isa = PBXFileReference; lastKnownFileType = text.plist.xml; path = Info.plist; sourceTree = "<group>"; };
/* End PBXFileReference section */

/* Begin PBXFrameworksBuildPhase section */
		1965244E1BFAD1190014D9F8 /* Frameworks */ = {
			isa = PBXFrameworksBuildPhase;
			buildActionMask = 2147483647;
			files = (
			);
			runOnlyForDeploymentPostprocessing = 0;
		};
		196524671BFAD1190014D9F8 /* Frameworks */ = {
			isa = PBXFrameworksBuildPhase;
			buildActionMask = 2147483647;
			files = (
			);
			runOnlyForDeploymentPostprocessing = 0;
		};
		196524721BFAD1190014D9F8 /* Frameworks */ = {
			isa = PBXFrameworksBuildPhase;
			buildActionMask = 2147483647;
			files = (
			);
			runOnlyForDeploymentPostprocessing = 0;
		};
/* End PBXFrameworksBuildPhase section */

/* Begin PBXGroup section */
		196524481BFAD1190014D9F8 = {
			isa = PBXGroup;
			children = (
				196524531BFAD1190014D9F8 /* ASParentTest */,
				1965246D1BFAD1190014D9F8 /* ASParentTestTests */,
				196524781BFAD1190014D9F8 /* ASParentTestUITests */,
				196524521BFAD1190014D9F8 /* Products */,
			);
			sourceTree = "<group>";
		};
		196524521BFAD1190014D9F8 /* Products */ = {
			isa = PBXGroup;
			children = (
				196524511BFAD1190014D9F8 /* ASParentTest.app */,
				1965246A1BFAD1190014D9F8 /* ASParentTestTests.xctest */,
				196524751BFAD1190014D9F8 /* ASParentTestUITests.xctest */,
			);
			name = Products;
			sourceTree = "<group>";
		};
		196524531BFAD1190014D9F8 /* ASParentTest */ = {
			isa = PBXGroup;
			children = (
				196524571BFAD1190014D9F8 /* AppDelegate.h */,
				196524581BFAD1190014D9F8 /* AppDelegate.m */,
				1965245A1BFAD1190014D9F8 /* ViewController.h */,
				1965245B1BFAD1190014D9F8 /* ViewController.m */,
				1965245D1BFAD1190014D9F8 /* Main.storyboard */,
				196524601BFAD1190014D9F8 /* Assets.xcassets */,
				196524621BFAD1190014D9F8 /* LaunchScreen.storyboard */,
				196524651BFAD1190014D9F8 /* Info.plist */,
				196524541BFAD1190014D9F8 /* Supporting Files */,
			);
			path = ASParentTest;
			sourceTree = "<group>";
		};
		196524541BFAD1190014D9F8 /* Supporting Files */ = {
			isa = PBXGroup;
			children = (
				196524551BFAD1190014D9F8 /* main.m */,
			);
			name = "Supporting Files";
			sourceTree = "<group>";
		};
		1965246D1BFAD1190014D9F8 /* ASParentTestTests */ = {
			isa = PBXGroup;
			children = (
				1965246E1BFAD1190014D9F8 /* ASParentTestTests.m */,
				196524701BFAD1190014D9F8 /* Info.plist */,
			);
			path = ASParentTestTests;
			sourceTree = "<group>";
		};
		196524781BFAD1190014D9F8 /* ASParentTestUITests */ = {
			isa = PBXGroup;
			children = (
				196524791BFAD1190014D9F8 /* ASParentTestUITests.m */,
				1965247B1BFAD1190014D9F8 /* Info.plist */,
			);
			path = ASParentTestUITests;
			sourceTree = "<group>";
		};
/* End PBXGroup section */

/* Begin PBXNativeTarget section */
		196524501BFAD1190014D9F8 /* ASParentTest */ = {
			isa = PBXNativeTarget;
			buildConfigurationList = 1965247E1BFAD1190014D9F8 /* Build configuration list for PBXNativeTarget "ASParentTest" */;
			buildPhases = (
				1965244D1BFAD1190014D9F8 /* Sources */,
				1965244E1BFAD1190014D9F8 /* Frameworks */,
				1965244F1BFAD1190014D9F8 /* Resources */,
			);
			buildRules = (
			);
			dependencies = (
			);
			name = ASParentTest;
			productName = ASParentTest;
			productReference = 196524511BFAD1190014D9F8 /* ASParentTest.app */;
			productType = "com.apple.product-type.application";
		};
		196524691BFAD1190014D9F8 /* ASParentTestTests */ = {
			isa = PBXNativeTarget;
			buildConfigurationList = 196524811BFAD1190014D9F8 /* Build configuration list for PBXNativeTarget "ASParentTestTests" */;
			buildPhases = (
				196524661BFAD1190014D9F8 /* Sources */,
				196524671BFAD1190014D9F8 /* Frameworks */,
				196524681BFAD1190014D9F8 /* Resources */,
			);
			buildRules = (
			);
			dependencies = (
				1965246C1BFAD1190014D9F8 /* PBXTargetDependency */,
			);
			name = ASParentTestTests;
			productName = ASParentTestTests;
			productReference = 1965246A1BFAD1190014D9F8 /* ASParentTestTests.xctest */;
			productType = "com.apple.product-type.bundle.unit-test";
		};
		196524741BFAD1190014D9F8 /* ASParentTestUITests */ = {
			isa = PBXNativeTarget;
			buildConfigurationList = 196524841BFAD1190014D9F8 /* Build configuration list for PBXNativeTarget "ASParentTestUITests" */;
			buildPhases = (
				196524711BFAD1190014D9F8 /* Sources */,
				196524721BFAD1190014D9F8 /* Frameworks */,
				196524731BFAD1190014D9F8 /* Resources */,
			);
			buildRules = (
			);
			dependencies = (
				196524771BFAD1190014D9F8 /* PBXTargetDependency */,
			);
			name = ASParentTestUITests;
			productName = ASParentTestUITests;
			productReference = 196524751BFAD1190014D9F8 /* ASParentTestUITests.xctest */;
			productType = "com.apple.product-type.bundle.ui-testing";
		};
/* End PBXNativeTarget section */

/* Begin PBXProject section */
		196524491BFAD1190014D9F8 /* Project object */ = {
			isa = PBXProject;
			attributes = {
				LastUpgradeCheck = 0710;
				ORGANIZATIONNAME = "周德艺";
				TargetAttributes = {
					196524501BFAD1190014D9F8 = {
						CreatedOnToolsVersion = 7.1.1;
					};
					196524691BFAD1190014D9F8 = {
						CreatedOnToolsVersion = 7.1.1;
						TestTargetID = 196524501BFAD1190014D9F8;
					};
					196524741BFAD1190014D9F8 = {
						CreatedOnToolsVersion = 7.1.1;
						TestTargetID = 196524501BFAD1190014D9F8;
					};
				};
			};
			buildConfigurationList = 1965244C1BFAD1190014D9F8 /* Build configuration list for PBXProject "ASParentTest" */;
			compatibilityVersion = "Xcode 3.2";
			developmentRegion = English;
			hasScannedForEncodings = 0;
			knownRegions = (
				en,
				Base,
			);
			mainGroup = 196524481BFAD1190014D9F8;
			productRefGroup = 196524521BFAD1190014D9F8 /* Products */;
			projectDirPath = "";
			projectRoot = "";
			targets = (
				196524501BFAD1190014D9F8 /* ASParentTest */,
				196524691BFAD1190014D9F8 /* ASParentTestTests */,
				196524741BFAD1190014D9F8 /* ASParentTestUITests */,
			);
		};
/* End PBXProject section */

/* Begin PBXResourcesBuildPhase section */
		1965244F1BFAD1190014D9F8 /* Resources */ = {
			isa = PBXResourcesBuildPhase;
			buildActionMask = 2147483647;
			files = (
				196524641BFAD1190014D9F8 /* LaunchScreen.storyboard in Resources */,
				196524611BFAD1190014D9F8 /* Assets.xcassets in Resources */,
				1965245F1BFAD1190014D9F8 /* Main.storyboard in Resources */,
			);
			runOnlyForDeploymentPostprocessing = 0;
		};
		196524681BFAD1190014D9F8 /* Resources */ = {
			isa = PBXResourcesBuildPhase;
			buildActionMask = 2147483647;
			files = (
			);
			runOnlyForDeploymentPostprocessing = 0;
		};
		196524731BFAD1190014D9F8 /* Resources */ = {
			isa = PBXResourcesBuildPhase;
			buildActionMask = 2147483647;
			files = (
			);
			runOnlyForDeploymentPostprocessing = 0;
		};
/* End PBXResourcesBuildPhase section */

/* Begin PBXSourcesBuildPhase section */
		1965244D1BFAD1190014D9F8 /* Sources */ = {
			isa = PBXSourcesBuildPhase;
			buildActionMask = 2147483647;
			files = (
				1965245C1BFAD1190014D9F8 /* ViewController.m in Sources */,
				196524591BFAD1190014D9F8 /* AppDelegate.m in Sources */,
				196524561BFAD1190014D9F8 /* main.m in Sources */,
			);
			runOnlyForDeploymentPostprocessing = 0;
		};
		196524661BFAD1190014D9F8 /* Sources */ = {
			isa = PBXSourcesBuildPhase;
			buildActionMask = 2147483647;
			files = (
				1965246F1BFAD1190014D9F8 /* ASParentTestTests.m in Sources */,
			);
			runOnlyForDeploymentPostprocessing = 0;
		};
		196524711BFAD1190014D9F8 /* Sources */ = {
			isa = PBXSourcesBuildPhase;
			buildActionMask = 2147483647;
			files = (
				1965247A1BFAD1190014D9F8 /* ASParentTestUITests.m in Sources */,
			);
			runOnlyForDeploymentPostprocessing = 0;
		};
/* End PBXSourcesBuildPhase section */

/* Begin PBXTargetDependency section */
		1965246C1BFAD1190014D9F8 /* PBXTargetDependency */ = {
			isa = PBXTargetDependency;
			target = 196524501BFAD1190014D9F8 /* ASParentTest */;
			targetProxy = 1965246B1BFAD1190014D9F8 /* PBXContainerItemProxy */;
		};
		196524771BFAD1190014D9F8 /* PBXTargetDependency */ = {
			isa = PBXTargetDependency;
			target = 196524501BFAD1190014D9F8 /* ASParentTest */;
			targetProxy = 196524761BFAD1190014D9F8 /* PBXContainerItemProxy */;
		};
/* End PBXTargetDependency section */

/* Begin PBXVariantGroup section */
		1965245D1BFAD1190014D9F8 /* Main.storyboard */ = {
			isa = PBXVariantGroup;
			children = (
				1965245E1BFAD1190014D9F8 /* Base */,
			);
			name = Main.storyboard;
			sourceTree = "<group>";
		};
		196524621BFAD1190014D9F8 /* LaunchScreen.storyboard */ = {
			isa = PBXVariantGroup;
			children = (
				196524631BFAD1190014D9F8 /* Base */,
			);
			name = LaunchScreen.storyboard;
			sourceTree = "<group>";
		};
/* End PBXVariantGroup section */

/* Begin XCBuildConfiguration section */
		1965247C1BFAD1190014D9F8 /* Debug */ = {
			isa = XCBuildConfiguration;
			buildSettings = {
				ALWAYS_SEARCH_USER_PATHS = NO;
				CLANG_CXX_LANGUAGE_STANDARD = "gnu++0x";
				CLANG_CXX_LIBRARY = "libc++";
				CLANG_ENABLE_MODULES = YES;
				CLANG_ENABLE_OBJC_ARC = YES;
				CLANG_WARN_BOOL_CONVERSION = YES;
				CLANG_WARN_CONSTANT_CONVERSION = YES;
				CLANG_WARN_DIRECT_OBJC_ISA_USAGE = YES_ERROR;
				CLANG_WARN_EMPTY_BODY = YES;
				CLANG_WARN_ENUM_CONVERSION = YES;
				CLANG_WARN_INT_CONVERSION = YES;
				CLANG_WARN_OBJC_ROOT_CLASS = YES_ERROR;
				CLANG_WARN_UNREACHABLE_CODE = YES;
				CLANG_WARN__DUPLICATE_METHOD_MATCH = YES;
				"CODE_SIGN_IDENTITY[sdk=iphoneos*]" = "iPhone Developer";
				COPY_PHASE_STRIP = NO;
				DEBUG_INFORMATION_FORMAT = dwarf;
				ENABLE_STRICT_OBJC_MSGSEND = YES;
				ENABLE_TESTABILITY = YES;
				GCC_C_LANGUAGE_STANDARD = gnu99;
				GCC_DYNAMIC_NO_PIC = NO;
				GCC_NO_COMMON_BLOCKS = YES;
				GCC_OPTIMIZATION_LEVEL = 0;
				GCC_PREPROCESSOR_DEFINITIONS = (
					"DEBUG=1",
					"$(inherited)",
				);
				GCC_WARN_64_TO_32_BIT_CONVERSION = YES;
				GCC_WARN_ABOUT_RETURN_TYPE = YES_ERROR;
				GCC_WARN_UNDECLARED_SELECTOR = YES;
				GCC_WARN_UNINITIALIZED_AUTOS = YES_AGGRESSIVE;
				GCC_WARN_UNUSED_FUNCTION = YES;
				GCC_WARN_UNUSED_VARIABLE = YES;
				IPHONEOS_DEPLOYMENT_TARGET = 9.1;
				MTL_ENABLE_DEBUG_INFO = YES;
				ONLY_ACTIVE_ARCH = YES;
				SDKROOT = iphoneos;
			};
			name = Debug;
		};
		1965247D1BFAD1190014D9F8 /* Release */ = {
			isa = XCBuildConfiguration;
			buildSettings = {
				ALWAYS_SEARCH_USER_PATHS = NO;
				CLANG_CXX_LANGUAGE_STANDARD = "gnu++0x";
				CLANG_CXX_LIBRARY = "libc++";
				CLANG_ENABLE_MODULES = YES;
				CLANG_ENABLE_OBJC_ARC = YES;
				CLANG_WARN_BOOL_CONVERSION = YES;
				CLANG_WARN_CONSTANT_CONVERSION = YES;
				CLANG_WARN_DIRECT_OBJC_ISA_USAGE = YES_ERROR;
				CLANG_WARN_EMPTY_BODY = YES;
				CLANG_WARN_ENUM_CONVERSION = YES;
				CLANG_WARN_INT_CONVERSION = YES;
				CLANG_WARN_OBJC_ROOT_CLASS = YES_ERROR;
				CLANG_WARN_UNREACHABLE_CODE = YES;
				CLANG_WARN__DUPLICATE_METHOD_MATCH = YES;
				"CODE_SIGN_IDENTITY[sdk=iphoneos*]" = "iPhone Developer";
				COPY_PHASE_STRIP = NO;
				DEBUG_INFORMATION_FORMAT = "dwarf-with-dsym";
				ENABLE_NS_ASSERTIONS = NO;
				ENABLE_STRICT_OBJC_MSGSEND = YES;
				GCC_C_LANGUAGE_STANDARD = gnu99;
				GCC_NO_COMMON_BLOCKS = YES;
				GCC_WARN_64_TO_32_BIT_CONVERSION = YES;
				GCC_WARN_ABOUT_RETURN_TYPE = YES_ERROR;
				GCC_WARN_UNDECLARED_SELECTOR = YES;
				GCC_WARN_UNINITIALIZED_AUTOS = YES_AGGRESSIVE;
				GCC_WARN_UNUSED_FUNCTION = YES;
				GCC_WARN_UNUSED_VARIABLE = YES;
				IPHONEOS_DEPLOYMENT_TARGET = 9.1;
				MTL_ENABLE_DEBUG_INFO = NO;
				SDKROOT = iphoneos;
				VALIDATE_PRODUCT = YES;
			};
			name = Release;
		};
		1965247F1BFAD1190014D9F8 /* Debug */ = {
			isa = XCBuildConfiguration;
			buildSettings = {
				ASSETCATALOG_COMPILER_APPICON_NAME = AppIcon;
				INFOPLIST_FILE = ASParentTest/Info.plist;
				LD_RUNPATH_SEARCH_PATHS = "$(inherited) @executable_path/Frameworks";
				PRODUCT_BUNDLE_IDENTIFIER = com.desheng.ASParentTest;
				PRODUCT_NAME = "$(TARGET_NAME)";
			};
			name = Debug;
		};
		196524801BFAD1190014D9F8 /* Release */ = {
			isa = XCBuildConfiguration;
			buildSettings = {
				ASSETCATALOG_COMPILER_APPICON_NAME = AppIcon;
				INFOPLIST_FILE = ASParentTest/Info.plist;
				LD_RUNPATH_SEARCH_PATHS = "$(inherited) @executable_path/Frameworks";
				PRODUCT_BUNDLE_IDENTIFIER = com.desheng.ASParentTest;
				PRODUCT_NAME = "$(TARGET_NAME)";
			};
			name = Release;
		};
		196524821BFAD1190014D9F8 /* Debug */ = {
			isa = XCBuildConfiguration;
			buildSettings = {
				BUNDLE_LOADER = "$(TEST_HOST)";
				INFOPLIST_FILE = ASParentTestTests/Info.plist;
				LD_RUNPATH_SEARCH_PATHS = "$(inherited) @executable_path/Frameworks @loader_path/Frameworks";
				PRODUCT_BUNDLE_IDENTIFIER = com.desheng.ASParentTestTests;
				PRODUCT_NAME = "$(TARGET_NAME)";
				TEST_HOST = "$(BUILT_PRODUCTS_DIR)/ASParentTest.app/ASParentTest";
			};
			name = Debug;
		};
		196524831BFAD1190014D9F8 /* Release */ = {
			isa = XCBuildConfiguration;
			buildSettings = {
				BUNDLE_LOADER = "$(TEST_HOST)";
				INFOPLIST_FILE = ASParentTestTests/Info.plist;
				LD_RUNPATH_SEARCH_PATHS = "$(inherited) @executable_path/Frameworks @loader_path/Frameworks";
				PRODUCT_BUNDLE_IDENTIFIER = com.desheng.ASParentTestTests;
				PRODUCT_NAME = "$(TARGET_NAME)";
				TEST_HOST = "$(BUILT_PRODUCTS_DIR)/ASParentTest.app/ASParentTest";
			};
			name = Release;
		};
		196524851BFAD1190014D9F8 /* Debug */ = {
			isa = XCBuildConfiguration;
			buildSettings = {
				INFOPLIST_FILE = ASParentTestUITests/Info.plist;
				LD_RUNPATH_SEARCH_PATHS = "$(inherited) @executable_path/Frameworks @loader_path/Frameworks";
				PRODUCT_BUNDLE_IDENTIFIER = com.desheng.ASParentTestUITests;
				PRODUCT_NAME = "$(TARGET_NAME)";
				TEST_TARGET_NAME = ASParentTest;
				USES_XCTRUNNER = YES;
			};
			name = Debug;
		};
		196524861BFAD1190014D9F8 /* Release */ = {
			isa = XCBuildConfiguration;
			buildSettings = {
				INFOPLIST_FILE = ASParentTestUITests/Info.plist;
				LD_RUNPATH_SEARCH_PATHS = "$(inherited) @executable_path/Frameworks @loader_path/Frameworks";
				PRODUCT_BUNDLE_IDENTIFIER = com.desheng.ASParentTestUITests;
				PRODUCT_NAME = "$(TARGET_NAME)";
				TEST_TARGET_NAME = ASParentTest;
				USES_XCTRUNNER = YES;
			};
			name = Release;
		};
/* End XCBuildConfiguration section */

/* Begin XCConfigurationList section */
		1965244C1BFAD1190014D9F8 /* Build configuration list for PBXProject "ASParentTest" */ = {
			isa = XCConfigurationList;
			buildConfigurations = (
				1965247C1BFAD1190014D9F8 /* Debug */,
				1965247D1BFAD1190014D9F8 /* Release */,
			);
			defaultConfigurationIsVisible = 0;
			defaultConfigurationName = Release;
		};
		1965247E1BFAD1190014D9F8 /* Build configuration list for PBXNativeTarget "ASParentTest" */ = {
			isa = XCConfigurationList;
			buildConfigurations = (
				1965247F1BFAD1190014D9F8 /* Debug */,
				196524801BFAD1190014D9F8 /* Release */,
			);
			defaultConfigurationIsVisible = 0;
		};
		196524811BFAD1190014D9F8 /* Build configuration list for PBXNativeTarget "ASParentTestTests" */ = {
			isa = XCConfigurationList;
			buildConfigurations = (
				196524821BFAD1190014D9F8 /* Debug */,
				196524831BFAD1190014D9F8 /* Release */,
			);
			defaultConfigurationIsVisible = 0;
		};
		196524841BFAD1190014D9F8 /* Build configuration list for PBXNativeTarget "ASParentTestUITests" */ = {
			isa = XCConfigurationList;
			buildConfigurations = (
				196524851BFAD1190014D9F8 /* Debug */,
				196524861BFAD1190014D9F8 /* Release */,
			);
			defaultConfigurationIsVisible = 0;
		};
/* End XCConfigurationList section */
	};
	rootObject = 196524491BFAD1190014D9F8 /* Project object */;
}
